
Microsoft Visual Studio Solution File, Format Version 12.00
# Visual Studio Version 17
VisualStudioVersion = 17.11.35222.181
MinimumVisualStudioVersion = 10.0.40219.1
Project("{9A19103F-16F7-4668-BE54-9A1E7A4F7556}") = "Jalgpall_U4", "Jalgpall_U4.csproj", "{4D9BDFEB-921C-4590-9AAB-B0C376384A75}"
EndProject
Global
	GlobalSection(SolutionConfigurationPlatforms) = preSolution
		Debug|Any CPU = Debug|Any CPU
		Release|Any CPU = Release|Any CPU
	EndGlobalSection
	GlobalSection(ProjectConfigurationPlatforms) = postSolution
		{4D9BDFEB-921C-4590-9AAB-B0C376384A75}.Debug|Any CPU.ActiveCfg = Debug|Any CPU
		{4D9BDFEB-921C-4590-9AAB-B0C376384A75}.Debug|Any CPU.Build.0 = Debug|Any CPU
		{4D9BDFEB-921C-4590-9AAB-B0C376384A75}.Release|Any CPU.ActiveCfg = Release|Any CPU
		{4D9BDFEB-921C-4590-9AAB-B0C376384A75}.Release|Any CPU.Build.0 = Release|Any CPU
	EndGlobalSection
	GlobalSection(SolutionProperties) = preSolution
		HideSolutionNode = FALSE
	EndGlobalSection
	GlobalSection(ExtensibilityGlobals) = postSolution
		SolutionGuid = {E311FD40-7856-49B4-9A70-71FD0B7FA847}
	EndGlobalSection
EndGlobal
